PODS:
  - AFNetworking (3.2.1):
    - AFNetworking/NSURLSession (= 3.2.1)
    - AFNetworking/Reachability (= 3.2.1)
    - AFNetworking/Security (= 3.2.1)
    - AFNetworking/Serialization (= 3.2.1)
    - AFNetworking/UIKit (= 3.2.1)
  - AFNetworking/NSURLSession (3.2.1):
    - AFNetworking/Reachability
    - AFNetworking/Security
    - AFNetworking/Serialization
  - AFNetworking/Reachability (3.2.1)
  - AFNetworking/Security (3.2.1)
  - AFNetworking/Serialization (3.2.1)
  - AFNetworking/UIKit (3.2.1):
    - AFNetworking/NSURLSession
  - MJExtension (3.0.13)

DEPENDENCIES:
  - AFNetworking (~> 3.2.1)
  - MJExtension (~> 3.0.13)

SPEC REPOS:
  https://github.com/cocoapods/specs.git:
    - AFNetworking
    - MJExtension

SPEC CHECKSUMS:
  AFNetworking: b6f891fdfaed196b46c7a83cf209e09697b94057
  MJExtension: 5932755f451458eefa24239358817f8d291240c7

PODFILE CHECKSUM: e2f107a416cdb17c988d1679679fe90f992fd70d

COCOAPODS: 1.5.2
